
Microsoft Visual Studio Solution File, Format Version 12.00
# Visual Studio Version 16
VisualStudioVersion = 16.0.33423.256
MinimumVisualStudioVersion = 10.0.40219.1
Project("{FAE04EC0-301F-11D3-BF4B-00C04F79EFBC}") = "DataStructureBasicExercises", "DataStructureBasicExercises.csproj", "{51CD70CB-1D5C-4281-9FC3-ACB04138765D}"
EndProject
Global
	GlobalSection(SolutionConfigurationPlatforms) = preSolution
		Debug|Any CPU = Debug|Any CPU
		Release|Any CPU = Release|Any CPU
	EndGlobalSection
	GlobalSection(ProjectConfigurationPlatforms) = postSolution
		{51CD70CB-1D5C-4281-9FC3-ACB04138765D}.Debug|Any CPU.ActiveCfg = Debug|Any CPU
		{51CD70CB-1D5C-4281-9FC3-ACB04138765D}.Debug|Any CPU.Build.0 = Debug|Any CPU
		{51CD70CB-1D5C-4281-9FC3-ACB04138765D}.Release|Any CPU.ActiveCfg = Release|Any CPU
		{51CD70CB-1D5C-4281-9FC3-ACB04138765D}.Release|Any CPU.Build.0 = Release|Any CPU
	EndGlobalSection
	GlobalSection(SolutionProperties) = preSolution
		HideSolutionNode = FALSE
	EndGlobalSection
	GlobalSection(ExtensibilityGlobals) = postSolution
		SolutionGuid = {A7A4E062-2060-454F-9A54-778BCDF7C22D}
	EndGlobalSection
EndGlobal
